// !$*UTF8*$!
{
	archiveVersion = 1;
	classes = {
	};
	objectVersion = 56;
	objects = {

/* Begin PBXBuildFile section */
		FC797DD2292D0F5C00BC3196 /* AppDelegate.swift in Sources */ = {isa = PBXBuildFile; fileRef = FC797DD1292D0F5C00BC3196 /* AppDelegate.swift */; };
		FC797DD4292D0F5C00BC3196 /* SceneDelegate.swift in Sources */ = {isa = PBXBuildFile; fileRef = FC797DD3292D0F5C00BC3196 /* SceneDelegate.swift */; };
		FC797DD6292D0F5C00BC3196 /* ViewController.swift in Sources */ = {isa = PBXBuildFile; fileRef = FC797DD5292D0F5C00BC3196 /* ViewController.swift */; };
		FC797DD9292D0F5C00BC3196 /* Main.storyboard in Resources */ = {isa = PBXBuildFile; fileRef = FC797DD7292D0F5C00BC3196 /* Main.storyboard */; };
		FC797DDB292D0F5D00BC3196 /* Assets.xcassets in Resources */ = {isa = PBXBuildFile; fileRef = FC797DDA292D0F5D00BC3196 /* Assets.xcassets */; };
		FC797DDE292D0F5D00BC3196 /* LaunchScreen.storyboard in Resources */ = {isa = PBXBuildFile; fileRef = FC797DDC292D0F5D00BC3196 /* LaunchScreen.storyboard */; };
		FC797DE9292DB6D400BC3196 /* libc++.tbd in Frameworks */ = {isa = PBXBuildFile; fileRef = FC797DE8292DB6C800BC3196 /* libc++.tbd */; };
		FCB3DA26294C39CC00413E19 /* DeepLabV3.mlmodel in Sources */ = {isa = PBXBuildFile; fileRef = FCB3DA25294C39CC00413E19 /* DeepLabV3.mlmodel */; };
/* End PBXBuildFile section */

/* Begin PBXFileReference section */
		FC797DCE292D0F5C00BC3196 /* DepthEffectImage.app */ = {isa = PBXFileReference; explicitFileType = wrapper.application; includeInIndex = 0; path = DepthEffectImage.app; sourceTree = BUILT_PRODUCTS_DIR; };
		FC797DD1292D0F5C00BC3196 /* AppDelegate.swift */ = {isa = PBXFileReference; lastKnownFileType = sourcecode.swift; path = AppDelegate.swift; sourceTree = "<group>"; };
		FC797DD3292D0F5C00BC3196 /* SceneDelegate.swift */ = {isa = PBXFileReference; lastKnownFileType = sourcecode.swift; path = SceneDelegate.swift; sourceTree = "<group>"; };
		FC797DD5292D0F5C00BC3196 /* ViewController.swift */ = {isa = PBXFileReference; lastKnownFileType = sourcecode.swift; path = ViewController.swift; sourceTree = "<group>"; };
		FC797DD8292D0F5C00BC3196 /* Base */ = {isa = PBXFileReference; lastKnownFileType = file.storyboard; name = Base; path = Base.lproj/Main.storyboard; sourceTree = "<group>"; };
		FC797DDA292D0F5D00BC3196 /* Assets.xcassets */ = {isa = PBXFileReference; lastKnownFileType = folder.assetcatalog; path = Assets.xcassets; sourceTree = "<group>"; };
		FC797DDD292D0F5D00BC3196 /* Base */ = {isa = PBXFileReference; lastKnownFileType = file.storyboard; name = Base; path = Base.lproj/LaunchScreen.storyboard; sourceTree = "<group>"; };
		FC797DDF292D0F5D00BC3196 /* Info.plist */ = {isa = PBXFileReference; lastKnownFileType = text.plist.xml; path = Info.plist; sourceTree = "<group>"; };
		FC797DE8292DB6C800BC3196 /* libc++.tbd */ = {isa = PBXFileReference; lastKnownFileType = "sourcecode.text-based-dylib-definition"; name = "libc++.tbd"; path = "usr/lib/libc++.tbd"; sourceTree = SDKROOT; };
		FCB3DA25294C39CC00413E19 /* DeepLabV3.mlmodel */ = {isa = PBXFileReference; lastKnownFileType = file.mlmodel; path = DeepLabV3.mlmodel; sourceTree = "<group>"; };
/* End PBXFileReference section */

/* Begin PBXFrameworksBuildPhase section */
		FC797DCB292D0F5C00BC3196 /* Frameworks */ = {
			isa = PBXFrameworksBuildPhase;
			buildActionMask = 2147483647;
			files = (
				FC797DE9292DB6D400BC3196 /* libc++.tbd in Frameworks */,
			);
			runOnlyForDeploymentPostprocessing = 0;
		};
/* End PBXFrameworksBuildPhase section */

/* Begin PBXGroup section */
		FC797DC5292D0F5C00BC3196 = {
			isa = PBXGroup;
			children = (
				FC797DD0292D0F5C00BC3196 /* DepthEffectImage */,
				FC797DCF292D0F5C00BC3196 /* Products */,
				FC797DE7292DB6C800BC3196 /* Frameworks */,
			);
			sourceTree = "<group>";
		};
		FC797DCF292D0F5C00BC3196 /* Products */ = {
			isa = PBXGroup;
			children = (
				FC797DCE292D0F5C00BC3196 /* DepthEffectImage.app */,
			);
			name = Products;
			sourceTree = "<group>";
		};
		FC797DD0292D0F5C00BC3196 /* DepthEffectImage */ = {
			isa = PBXGroup;
			children = (
				FCB3DA25294C39CC00413E19 /* DeepLabV3.mlmodel */,
				FC797DD1292D0F5C00BC3196 /* AppDelegate.swift */,
				FC797DD3292D0F5C00BC3196 /* SceneDelegate.swift */,
				FC797DD5292D0F5C00BC3196 /* ViewController.swift */,
				FC797DD7292D0F5C00BC3196 /* Main.storyboard */,
				FC797DDA292D0F5D00BC3196 /* Assets.xcassets */,
				FC797DDC292D0F5D00BC3196 /* LaunchScreen.storyboard */,
				FC797DDF292D0F5D00BC3196 /* Info.plist */,
			);
			path = DepthEffectImage;
			sourceTree = "<group>";
		};
		FC797DE7292DB6C800BC3196 /* Frameworks */ = {
			isa = PBXGroup;
			children = (
				FC797DE8292DB6C800BC3196 /* libc++.tbd */,
			);
			name = Frameworks;
			sourceTree = "<group>";
		};
/* End PBXGroup section */

/* Begin PBXNativeTarget section */
		FC797DCD292D0F5C00BC3196 /* DepthEffectImage */ = {
			isa = PBXNativeTarget;
			buildConfigurationList = FC797DE2292D0F5D00BC3196 /* Build configuration list for PBXNativeTarget "DepthEffectImage" */;
			buildPhases = (
				FC797DCA292D0F5C00BC3196 /* Sources */,
				FC797DCB292D0F5C00BC3196 /* Frameworks */,
				FC797DCC292D0F5C00BC3196 /* Resources */,
			);
			buildRules = (
			);
			dependencies = (
			);
			name = DepthEffectImage;
			productName = DepthEffectImage;
			productReference = FC797DCE292D0F5C00BC3196 /* DepthEffectImage.app */;
			productType = "com.apple.product-type.application";
		};
/* End PBXNativeTarget section */

/* Begin PBXProject section */
		FC797DC6292D0F5C00BC3196 /* Project object */ = {
			isa = PBXProject;
			attributes = {
				BuildIndependentTargetsInParallel = 1;
				LastSwiftUpdateCheck = 1410;
				LastUpgradeCheck = 1410;
				TargetAttributes = {
					FC797DCD292D0F5C00BC3196 = {
						CreatedOnToolsVersion = 14.1;
					};
				};
			};
			buildConfigurationList = FC797DC9292D0F5C00BC3196 /* Build configuration list for PBXProject "DepthEffectImage" */;
			compatibilityVersion = "Xcode 14.0";
			developmentRegion = en;
			hasScannedForEncodings = 0;
			knownRegions = (
				en,
				Base,
			);
			mainGroup = FC797DC5292D0F5C00BC3196;
			productRefGroup = FC797DCF292D0F5C00BC3196 /* Products */;
			projectDirPath = "";
			projectRoot = "";
			targets = (
				FC797DCD292D0F5C00BC3196 /* DepthEffectImage */,
			);
		};
/* End PBXProject section */

/* Begin PBXResourcesBuildPhase section */
		FC797DCC292D0F5C00BC3196 /* Resources */ = {
			isa = PBXResourcesBuildPhase;
			buildActionMask = 2147483647;
			files = (
				FC797DDE292D0F5D00BC3196 /* LaunchScreen.storyboard in Resources */,
				FC797DDB292D0F5D00BC3196 /* Assets.xcassets in Resources */,
				FC797DD9292D0F5C00BC3196 /* Main.storyboard in Resources */,
			);
			runOnlyForDeploymentPostprocessing = 0;
		};
/* End PBXResourcesBuildPhase section */

/* Begin PBXSourcesBuildPhase section */
		FC797DCA292D0F5C00BC3196 /* Sources */ = {
			isa = PBXSourcesBuildPhase;
			buildActionMask = 2147483647;
			files = (
				FC797DD6292D0F5C00BC3196 /* ViewController.swift in Sources */,
				FC797DD2292D0F5C00BC3196 /* AppDelegate.swift in Sources */,
				FC797DD4292D0F5C00BC3196 /* SceneDelegate.swift in Sources */,
				FCB3DA26294C39CC00413E19 /* DeepLabV3.mlmodel in Sources */,
			);
			runOnlyForDeploymentPostprocessing = 0;
		};
/* End PBXSourcesBuildPhase section */

/* Begin PBXVariantGroup section */
		FC797DD7292D0F5C00BC3196 /* Main.storyboard */ = {
			isa = PBXVariantGroup;
			children = (
				FC797DD8292D0F5C00BC3196 /* Base */,
			);
			name = Main.storyboard;
			sourceTree = "<group>";
		};
		FC797DDC292D0F5D00BC3196 /* LaunchScreen.storyboard */ = {
			isa = PBXVariantGroup;
			children = (
				FC797DDD292D0F5D00BC3196 /* Base */,
			);
			name = LaunchScreen.storyboard;
			sourceTree = "<group>";
		};
/* End PBXVariantGroup section */

/* Begin XCBuildConfiguration section */
		FC797DE0292D0F5D00BC3196 /* Debug */ = {
			isa = XCBuildConfiguration;
			buildSettings = {
				ALWAYS_SEARCH_USER_PATHS = NO;
				CLANG_ANALYZER_NONNULL = YES;
				CLANG_ANALYZER_NUMBER_OBJECT_CONVERSION = YES_AGGRESSIVE;
				CLANG_CXX_LANGUAGE_STANDARD = "gnu++20";
				CLANG_ENABLE_MODULES = YES;
				CLANG_ENABLE_OBJC_ARC = YES;
				CLANG_ENABLE_OBJC_WEAK = YES;
				CLANG_WARN_BLOCK_CAPTURE_AUTORELEASING = YES;
				CLANG_WARN_BOOL_CONVERSION = YES;
				CLANG_WARN_COMMA = YES;
				CLANG_WARN_CONSTANT_CONVERSION = YES;
				CLANG_WARN_DEPRECATED_OBJC_IMPLEMENTATIONS = YES;
				CLANG_WARN_DIRECT_OBJC_ISA_USAGE = YES_ERROR;
				CLANG_WARN_DOCUMENTATION_COMMENTS = YES;
				CLANG_WARN_EMPTY_BODY = YES;
				CLANG_WARN_ENUM_CONVERSION = YES;
				CLANG_WARN_INFINITE_RECURSION = YES;
				CLANG_WARN_INT_CONVERSION = YES;
				CLANG_WARN_NON_LITERAL_NULL_CONVERSION = YES;
				CLANG_WARN_OBJC_IMPLICIT_RETAIN_SELF = YES;
				CLANG_WARN_OBJC_LITERAL_CONVERSION = YES;
				CLANG_WARN_OBJC_ROOT_CLASS = YES_ERROR;
				CLANG_WARN_QUOTED_INCLUDE_IN_FRAMEWORK_HEADER = YES;
				CLANG_WARN_RANGE_LOOP_ANALYSIS = YES;
				CLANG_WARN_STRICT_PROTOTYPES = YES;
				CLANG_WARN_SUSPICIOUS_MOVE = YES;
				CLANG_WARN_UNGUARDED_AVAILABILITY = YES_AGGRESSIVE;
				CLANG_WARN_UNREACHABLE_CODE = YES;
				CLANG_WARN__DUPLICATE_METHOD_MATCH = YES;
				COPY_PHASE_STRIP = NO;
				DEBUG_INFORMATION_FORMAT = dwarf;
				ENABLE_STRICT_OBJC_MSGSEND = YES;
				ENABLE_TESTABILITY = YES;
				GCC_C_LANGUAGE_STANDARD = gnu11;
				GCC_DYNAMIC_NO_PIC = NO;
				GCC_NO_COMMON_BLOCKS = YES;
				GCC_OPTIMIZATION_LEVEL = 0;
				GCC_PREPROCESSOR_DEFINITIONS = (
					"DEBUG=1",
					"$(inherited)",
				);
				GCC_WARN_64_TO_32_BIT_CONVERSION = YES;
				GCC_WARN_ABOUT_RETURN_TYPE = YES_ERROR;
				GCC_WARN_UNDECLARED_SELECTOR = YES;
				GCC_WARN_UNINITIALIZED_AUTOS = YES_AGGRESSIVE;
				GCC_WARN_UNUSED_FUNCTION = YES;
				GCC_WARN_UNUSED_VARIABLE = YES;
				IPHONEOS_DEPLOYMENT_TARGET = 16.0;
				MTL_ENABLE_DEBUG_INFO = INCLUDE_SOURCE;
				MTL_FAST_MATH = YES;
				ONLY_ACTIVE_ARCH = YES;
				SDKROOT = iphoneos;
				SWIFT_ACTIVE_COMPILATION_CONDITIONS = DEBUG;
				SWIFT_OPTIMIZATION_LEVEL = "-Onone";
			};
			name = Debug;
		};
		FC797DE1292D0F5D00BC3196 /* Release */ = {
			isa = XCBuildConfiguration;
			buildSettings = {
				ALWAYS_SEARCH_USER_PATHS = NO;
				CLANG_ANALYZER_NONNULL = YES;
				CLANG_ANALYZER_NUMBER_OBJECT_CONVERSION = YES_AGGRESSIVE;
				CLANG_CXX_LANGUAGE_STANDARD = "gnu++20";
				CLANG_ENABLE_MODULES = YES;
				CLANG_ENABLE_OBJC_ARC = YES;
				CLANG_ENABLE_OBJC_WEAK = YES;
				CLANG_WARN_BLOCK_CAPTURE_AUTORELEASING = YES;
				CLANG_WARN_BOOL_CONVERSION = YES;
				CLANG_WARN_COMMA = YES;
				CLANG_WARN_CONSTANT_CONVERSION = YES;
				CLANG_WARN_DEPRECATED_OBJC_IMPLEMENTATIONS = YES;
				CLANG_WARN_DIRECT_OBJC_ISA_USAGE = YES_ERROR;
				CLANG_WARN_DOCUMENTATION_COMMENTS = YES;
				CLANG_WARN_EMPTY_BODY = YES;
				CLANG_WARN_ENUM_CONVERSION = YES;
				CLANG_WARN_INFINITE_RECURSION = YES;
				CLANG_WARN_INT_CONVERSION = YES;
				CLANG_WARN_NON_LITERAL_NULL_CONVERSION = YES;
				CLANG_WARN_OBJC_IMPLICIT_RETAIN_SELF = YES;
				CLANG_WARN_OBJC_LITERAL_CONVERSION = YES;
				CLANG_WARN_OBJC_ROOT_CLASS = YES_ERROR;
				CLANG_WARN_QUOTED_INCLUDE_IN_FRAMEWORK_HEADER = YES;
				CLANG_WARN_RANGE_LOOP_ANALYSIS = YES;
				CLANG_WARN_STRICT_PROTOTYPES = YES;
				CLANG_WARN_SUSPICIOUS_MOVE = YES;
				CLANG_WARN_UNGUARDED_AVAILABILITY = YES_AGGRESSIVE;
				CLANG_WARN_UNREACHABLE_CODE = YES;
				CLANG_WARN__DUPLICATE_METHOD_MATCH = YES;
				COPY_PHASE_STRIP = NO;
				DEBUG_INFORMATION_FORMAT = "dwarf-with-dsym";
				ENABLE_NS_ASSERTIONS = NO;
				ENABLE_STRICT_OBJC_MSGSEND = YES;
				GCC_C_LANGUAGE_STANDARD = gnu11;
				GCC_NO_COMMON_BLOCKS = YES;
				GCC_WARN_64_TO_32_BIT_CONVERSION = YES;
				GCC_WARN_ABOUT_RETURN_TYPE = YES_ERROR;
				GCC_WARN_UNDECLARED_SELECTOR = YES;
				GCC_WARN_UNINITIALIZED_AUTOS = YES_AGGRESSIVE;
				GCC_WARN_UNUSED_FUNCTION = YES;
				GCC_WARN_UNUSED_VARIABLE = YES;
				IPHONEOS_DEPLOYMENT_TARGET = 16.0;
				MTL_ENABLE_DEBUG_INFO = NO;
				MTL_FAST_MATH = YES;
				SDKROOT = iphoneos;
				SWIFT_COMPILATION_MODE = wholemodule;
				SWIFT_OPTIMIZATION_LEVEL = "-O";
				VALIDATE_PRODUCT = YES;
			};
			name = Release;
		};
		FC797DE3292D0F5D00BC3196 /* Debug */ = {
			isa = XCBuildConfiguration;
			buildSettings = {
				ASSETCATALOG_COMPILER_APPICON_NAME = AppIcon;
				ASSETCATALOG_COMPILER_GLOBAL_ACCENT_COLOR_NAME = AccentColor;
				CODE_SIGN_STYLE = Automatic;
				CURRENT_PROJECT_VERSION = 1;
				EXCLUDED_ARCHS = "";
				"EXCLUDED_ARCHS[sdk=iphonesimulator*]" = arm64;
				FRAMEWORK_SEARCH_PATHS = (
					"$(inherited)",
					"$(PROJECT_DIR)",
				);
				GENERATE_INFOPLIST_FILE = YES;
				INFOPLIST_FILE = DepthEffectImage/Info.plist;
				INFOPLIST_KEY_UIApplicationSupportsIndirectInputEvents = YES;
				INFOPLIST_KEY_UILaunchStoryboardName = LaunchScreen;
				INFOPLIST_KEY_UIMainStoryboardFile = Main;
				INFOPLIST_KEY_UISupportedInterfaceOrientations = UIInterfaceOrientationPortrait;
				INFOPLIST_KEY_UISupportedInterfaceOrientations_iPad = "UIInterfaceOrientationLandscapeLeft UIInterfaceOrientationLandscapeRight UIInterfaceOrientationPortrait UIInterfaceOrientationPortraitUpsideDown";
				LD_RUNPATH_SEARCH_PATHS = (
					"$(inherited)",
					"@executable_path/Frameworks",
				);
				MARKETING_VERSION = 1.0;
				OTHER_LDFLAGS = "-all_load";
				PRODUCT_BUNDLE_IDENTIFIER = cn.rickytan.DepthEffectImage;
				PRODUCT_NAME = "$(TARGET_NAME)";
				SUPPORTED_PLATFORMS = "iphoneos iphonesimulator";
				SUPPORTS_MACCATALYST = NO;
				SUPPORTS_MAC_DESIGNED_FOR_IPHONE_IPAD = NO;
				SWIFT_EMIT_LOC_STRINGS = YES;
				SWIFT_VERSION = 5.0;
				TARGETED_DEVICE_FAMILY = 1;
			};
			name = Debug;
		};
		FC797DE4292D0F5D00BC3196 /* Release */ = {
			isa = XCBuildConfiguration;
			buildSettings = {
				ASSETCATALOG_COMPILER_APPICON_NAME = AppIcon;
				ASSETCATALOG_COMPILER_GLOBAL_ACCENT_COLOR_NAME = AccentColor;
				CODE_SIGN_STYLE = Automatic;
				CURRENT_PROJECT_VERSION = 1;
				FRAMEWORK_SEARCH_PATHS = (
					"$(inherited)",
					"$(PROJECT_DIR)",
				);
				GENERATE_INFOPLIST_FILE = YES;
				INFOPLIST_FILE = DepthEffectImage/Info.plist;
				INFOPLIST_KEY_UIApplicationSupportsIndirectInputEvents = YES;
				INFOPLIST_KEY_UILaunchStoryboardName = LaunchScreen;
				INFOPLIST_KEY_UIMainStoryboardFile = Main;
				INFOPLIST_KEY_UISupportedInterfaceOrientations = UIInterfaceOrientationPortrait;
				INFOPLIST_KEY_UISupportedInterfaceOrientations_iPad = "UIInterfaceOrientationLandscapeLeft UIInterfaceOrientationLandscapeRight UIInterfaceOrientationPortrait UIInterfaceOrientationPortraitUpsideDown";
				LD_RUNPATH_SEARCH_PATHS = (
					"$(inherited)",
					"@executable_path/Frameworks",
				);
				MARKETING_VERSION = 1.0;
				OTHER_LDFLAGS = "-all_load";
				PRODUCT_BUNDLE_IDENTIFIER = cn.rickytan.DepthEffectImage;
				PRODUCT_NAME = "$(TARGET_NAME)";
				SUPPORTED_PLATFORMS = "iphoneos iphonesimulator";
				SUPPORTS_MACCATALYST = NO;
				SUPPORTS_MAC_DESIGNED_FOR_IPHONE_IPAD = NO;
				SWIFT_EMIT_LOC_STRINGS = YES;
				SWIFT_VERSION = 5.0;
				TARGETED_DEVICE_FAMILY = 1;
			};
			name = Release;
		};
/* End XCBuildConfiguration section */

/* Begin XCConfigurationList section */
		FC797DC9292D0F5C00BC3196 /* Build configuration list for PBXProject "DepthEffectImage" */ = {
			isa = XCConfigurationList;
			buildConfigurations = (
				FC797DE0292D0F5D00BC3196 /* Debug */,
				FC797DE1292D0F5D00BC3196 /* Release */,
			);
			defaultConfigurationIsVisible = 0;
			defaultConfigurationName = Release;
		};
		FC797DE2292D0F5D00BC3196 /* Build configuration list for PBXNativeTarget "DepthEffectImage" */ = {
			isa = XCConfigurationList;
			buildConfigurations = (
				FC797DE3292D0F5D00BC3196 /* Debug */,
				FC797DE4292D0F5D00BC3196 /* Release */,
			);
			defaultConfigurationIsVisible = 0;
			defaultConfigurationName = Release;
		};
/* End XCConfigurationList section */
	};
	rootObject = FC797DC6292D0F5C00BC3196 /* Project object */;
}
